
Microsoft Visual Studio Solution File, Format Version 12.00
# Blend for Visual Studio Version 17
VisualStudioVersion = 17.0.32112.339
MinimumVisualStudioVersion = 10.0.40219.1
Project("{FAE04EC0-301F-11D3-BF4B-00C04F79EFBC}") = "EventHandlers", "EventHandlers.csproj", "{6639AEDD-2CC0-45B6-B7C8-F3ED3F1B1157}"
EndProject
Global
	GlobalSection(SolutionConfigurationPlatforms) = preSolution
		Debug|Any CPU = Debug|Any CPU
		Release|Any CPU = Release|Any CPU
	EndGlobalSection
	GlobalSection(ProjectConfigurationPlatforms) = postSolution
		{6639AEDD-2CC0-45B6-B7C8-F3ED3F1B1157}.Debug|Any CPU.ActiveCfg = Debug|Any CPU
		{6639AEDD-2CC0-45B6-B7C8-F3ED3F1B1157}.Debug|Any CPU.Build.0 = Debug|Any CPU
		{6639AEDD-2CC0-45B6-B7C8-F3ED3F1B1157}.Release|Any CPU.ActiveCfg = Release|Any CPU
		{6639AEDD-2CC0-45B6-B7C8-F3ED3F1B1157}.Release|Any CPU.Build.0 = Release|Any CPU
	EndGlobalSection
	GlobalSection(SolutionProperties) = preSolution
		HideSolutionNode = FALSE
	EndGlobalSection
	GlobalSection(ExtensibilityGlobals) = postSolution
		SolutionGuid = {1CA75607-A5A7-451E-BC23-AC483FE10AAC}
	EndGlobalSection
EndGlobal
